
Microsoft Visual Studio Solution File, Format Version 12.00
# Visual Studio 15
VisualStudioVersion = 15.0.27428.2037
MinimumVisualStudioVersion = 10.0.40219.1
Project("{FAE04EC0-301F-11D3-BF4B-00C04F79EFBC}") = "DependencyInjection", "DependencyInjection\DependencyInjection.csproj", "{E173641B-7C3F-415A-B39C-BE68ED951E9D}"
EndProject
Global
	GlobalSection(SolutionConfigurationPlatforms) = preSolution
		Debug|Any CPU = Debug|Any CPU
		Release|Any CPU = Release|Any CPU
	EndGlobalSection
	GlobalSection(ProjectConfigurationPlatforms) = postSolution
		{E173641B-7C3F-415A-B39C-BE68ED951E9D}.Debug|Any CPU.ActiveCfg = Debug|Any CPU
		{E173641B-7C3F-415A-B39C-BE68ED951E9D}.Debug|Any CPU.Build.0 = Debug|Any CPU
		{E173641B-7C3F-415A-B39C-BE68ED951E9D}.Release|Any CPU.ActiveCfg = Release|Any CPU
		{E173641B-7C3F-415A-B39C-BE68ED951E9D}.Release|Any CPU.Build.0 = Release|Any CPU
	EndGlobalSection
	GlobalSection(SolutionProperties) = preSolution
		HideSolutionNode = FALSE
	EndGlobalSection
	GlobalSection(ExtensibilityGlobals) = postSolution
		SolutionGuid = {2CD38D87-863A-43D6-8D4A-05A6F3CE2515}
	EndGlobalSection
EndGlobal
